
Microsoft Visual Studio Solution File, Format Version 12.00
# Visual Studio Version 17
VisualStudioVersion = 17.9.34728.123
MinimumVisualStudioVersion = 10.0.40219.1
Project("{8BC9CEB8-8B4A-11D0-8D11-00A0C91BC942}") = "Datastructure---algorithm", "Datastructure---algorithm.vcxproj", "{B0100767-0267-4DFF-9C54-29392EB89D10}"
EndProject
Global
	GlobalSection(SolutionConfigurationPlatforms) = preSolution
		Debug|x64 = Debug|x64
		Debug|x86 = Debug|x86
		Release|x64 = Release|x64
		Release|x86 = Release|x86
	EndGlobalSection
	GlobalSection(ProjectConfigurationPlatforms) = postSolution
		{B0100767-0267-4DFF-9C54-29392EB89D10}.Debug|x64.ActiveCfg = Debug|x64
		{B0100767-0267-4DFF-9C54-29392EB89D10}.Debug|x64.Build.0 = Debug|x64
		{B0100767-0267-4DFF-9C54-29392EB89D10}.Debug|x86.ActiveCfg = Debug|Win32
		{B0100767-0267-4DFF-9C54-29392EB89D10}.Debug|x86.Build.0 = Debug|Win32
		{B0100767-0267-4DFF-9C54-29392EB89D10}.Release|x64.ActiveCfg = Release|x64
		{B0100767-0267-4DFF-9C54-29392EB89D10}.Release|x64.Build.0 = Release|x64
		{B0100767-0267-4DFF-9C54-29392EB89D10}.Release|x86.ActiveCfg = Release|Win32
		{B0100767-0267-4DFF-9C54-29392EB89D10}.Release|x86.Build.0 = Release|Win32
	EndGlobalSection
	GlobalSection(SolutionProperties) = preSolution
		HideSolutionNode = FALSE
	EndGlobalSection
	GlobalSection(ExtensibilityGlobals) = postSolution
		SolutionGuid = {A2D0F857-39F1-46BB-91AA-0D88B77A8AF4}
	EndGlobalSection
EndGlobal
